{
  "name": "mapdwell-base-styles",
  "version": "1.3.0",
  "lockfileVersion": 2,
  "requires": true,
  "packages": {
    "": {
      "name": "mapdwell-base-styles",
      "version": "1.3.0",
      "license": "ISC",
      "dependencies": {
        "tachyons-sass": "github:palmetto/tachyons-sass"
      }
    },
    "node_modules/tachyons-custom": {
      "version": "4.9.8",
      "resolved": "https://registry.npmjs.org/tachyons-custom/-/tachyons-custom-4.9.8.tgz",
      "integrity": "sha512-MVnslsN5dFswmh2+Sw+OOA4/6pQfnJrA8/wrtaf+Px347wze3MIk3lp3Q3QmbUPqrJda79s0dZtY3dgTwVHdfg=="
    },
    "node_modules/tachyons-sass": {
      "version": "4.9.5",
      "resolved": "git+ssh://git@github.com/palmetto/tachyons-sass.git#ffa91a88af2fd76ea7b35c4ac81e496be58c5b55",
      "license": "MIT",
      "dependencies": {
        "tachyons-custom": "^4.9.5"
      }
    }
  },
  "dependencies": {
    "tachyons-custom": {
      "version": "4.9.8",
      "resolved": "https://registry.npmjs.org/tachyons-custom/-/tachyons-custom-4.9.8.tgz",
      "integrity": "sha512-MVnslsN5dFswmh2+Sw+OOA4/6pQfnJrA8/wrtaf+Px347wze3MIk3lp3Q3QmbUPqrJda79s0dZtY3dgTwVHdfg=="
    },
    "tachyons-sass": {
      "version": "git+ssh://git@github.com/palmetto/tachyons-sass.git#ffa91a88af2fd76ea7b35c4ac81e496be58c5b55",
      "from": "tachyons-sass@github:palmetto/tachyons-sass",
      "requires": {
        "tachyons-custom": "^4.9.5"
      }
    }
  }
}
