{
  "name": "base-styles",
  "version": "1.1.0",
  "lockfileVersion": 1,
  "requires": true,
  "dependencies": {
    "tachyons-custom": {
      "version": "4.9.8",
      "resolved": "https://registry.npmjs.org/tachyons-custom/-/tachyons-custom-4.9.8.tgz",
      "integrity": "sha512-MVnslsN5dFswmh2+Sw+OOA4/6pQfnJrA8/wrtaf+Px347wze3MIk3lp3Q3QmbUPqrJda79s0dZtY3dgTwVHdfg=="
    },
    "tachyons-sass": {
      "version": "github:mapdwell/tachyons-sass#1cb56b15007007da4264abf46f22ed1551cbb9bb",
      "from": "github:mapdwell/tachyons-sass",
      "requires": {
        "tachyons-custom": "^4.9.5"
      }
    }
  }
}
